// !$*UTF8*$!
{
	archiveVersion = 1;
	classes = {
	};
	objectVersion = 51;
	objects = {

/* Begin PBXBuildFile section */
		5E14C2EB04A46F33C3C22C3E /* Pods_Twitter__iOS_Clone.framework in Frameworks */ = {isa = PBXBuildFile; fileRef = C9E8F28D14DEC4B05D8EEC29 /* Pods_Twitter__iOS_Clone.framework */; };
		94310CE3294E66DC00A5D0F1 /* GoogleService-Info.plist in Resources */ = {isa = PBXBuildFile; fileRef = 94310CE2294E66DB00A5D0F1 /* GoogleService-Info.plist */; };
		944674C829350A7F00CFDEDA /* ProfileFilterView.swift in Sources */ = {isa = PBXBuildFile; fileRef = 944674C729350A7F00CFDEDA /* ProfileFilterView.swift */; };
		944674CC29350BA000CFDEDA /* ProfileFilterViewCell.swift in Sources */ = {isa = PBXBuildFile; fileRef = 944674CB29350BA000CFDEDA /* ProfileFilterViewCell.swift */; };
		944674CE29362DAA00CFDEDA /* ProfileFliterCaseOption.swift in Sources */ = {isa = PBXBuildFile; fileRef = 944674CD29362DAA00CFDEDA /* ProfileFliterCaseOption.swift */; };
		9454E225292654CA00B96964 /* Constants.swift in Sources */ = {isa = PBXBuildFile; fileRef = 9454E224292654CA00B96964 /* Constants.swift */; };
		9454E227292669D300B96964 /* APICaller.swift in Sources */ = {isa = PBXBuildFile; fileRef = 9454E226292669D300B96964 /* APICaller.swift */; };
		9454E22929266A2000B96964 /* TextFieldValidation.swift in Sources */ = {isa = PBXBuildFile; fileRef = 9454E22829266A2000B96964 /* TextFieldValidation.swift */; };
		9459C43029293A4B0085007A /* Services.swift in Sources */ = {isa = PBXBuildFile; fileRef = 9459C42F29293A4B0085007A /* Services.swift */; };
		9459C43229293AA00085007A /* User.swift in Sources */ = {isa = PBXBuildFile; fileRef = 9459C43129293AA00085007A /* User.swift */; };
		945C225629523725009395AD /* ActionSheetCell.swift in Sources */ = {isa = PBXBuildFile; fileRef = 945C225529523725009395AD /* ActionSheetCell.swift */; };
		945C2258295251CB009395AD /* ActionSheetViewModel.swift in Sources */ = {isa = PBXBuildFile; fileRef = 945C2257295251CB009395AD /* ActionSheetViewModel.swift */; };
		945C22A929580929009395AD /* NotificationModel.swift in Sources */ = {isa = PBXBuildFile; fileRef = 945C22A829580929009395AD /* NotificationModel.swift */; };
		945C22AB29581252009395AD /* NotificationServices.swift in Sources */ = {isa = PBXBuildFile; fileRef = 945C22AA29581252009395AD /* NotificationServices.swift */; };
		945C22AD29582E3C009395AD /* NotificationCell.swift in Sources */ = {isa = PBXBuildFile; fileRef = 945C22AC29582E3C009395AD /* NotificationCell.swift */; };
		945C22AF2959282E009395AD /* NotificationViewModel.swift in Sources */ = {isa = PBXBuildFile; fileRef = 945C22AE2959282E009395AD /* NotificationViewModel.swift */; };
		945E8E482933EA32004B2AA7 /* ProfileViewHeader.swift in Sources */ = {isa = PBXBuildFile; fileRef = 945E8E472933EA32004B2AA7 /* ProfileViewHeader.swift */; };
		946E727E2930D145006FDD6D /* TweetViewModel.swift in Sources */ = {isa = PBXBuildFile; fileRef = 946E727D2930D145006FDD6D /* TweetViewModel.swift */; };
		947D542A29421029008B0FE8 /* ExploreUserCell.swift in Sources */ = {isa = PBXBuildFile; fileRef = 947D542929421029008B0FE8 /* ExploreUserCell.swift */; };
		947D542E29467094008B0FE8 /* PersonalExtensions.swift in Sources */ = {isa = PBXBuildFile; fileRef = 947D542D29467094008B0FE8 /* PersonalExtensions.swift */; };
		947D54302949E22B008B0FE8 /* TweetController.swift in Sources */ = {isa = PBXBuildFile; fileRef = 947D542F2949E22B008B0FE8 /* TweetController.swift */; };
		947D54322949FD6C008B0FE8 /* TweetControllerHeader.swift in Sources */ = {isa = PBXBuildFile; fileRef = 947D54312949FD6C008B0FE8 /* TweetControllerHeader.swift */; };
		947D5435294A4B4F008B0FE8 /* StatisticsView.swift in Sources */ = {isa = PBXBuildFile; fileRef = 947D5434294A4B4F008B0FE8 /* StatisticsView.swift */; };
		947D5437294C0CD3008B0FE8 /* UploadTweetViewModel.swift in Sources */ = {isa = PBXBuildFile; fileRef = 947D5436294C0CD3008B0FE8 /* UploadTweetViewModel.swift */; };
		947F6402292BBF18000FE014 /* UploadTweetController.swift in Sources */ = {isa = PBXBuildFile; fileRef = 947F6401292BBF18000FE014 /* UploadTweetController.swift */; };
		94916EAD296BB392005FAABD /* editProfileController.swift in Sources */ = {isa = PBXBuildFile; fileRef = 94916EAC296BB392005FAABD /* editProfileController.swift */; };
		94916EB0296BC476005FAABD /* UserProfileHeader.swift in Sources */ = {isa = PBXBuildFile; fileRef = 94916EAF296BC476005FAABD /* UserProfileHeader.swift */; };
		94916EB2296C43F9005FAABD /* editProfileCell.swift in Sources */ = {isa = PBXBuildFile; fileRef = 94916EB1296C43F9005FAABD /* editProfileCell.swift */; };
		94916EB4296C4427005FAABD /* editProfileViewModel.swift in Sources */ = {isa = PBXBuildFile; fileRef = 94916EB3296C4427005FAABD /* editProfileViewModel.swift */; };
		94967BBF292538FA00526F8C /* ContainerView.swift in Sources */ = {isa = PBXBuildFile; fileRef = 94967BBE292538FA00526F8C /* ContainerView.swift */; };
		94967BC12925407000526F8C /* CustomTextfield.swift in Sources */ = {isa = PBXBuildFile; fileRef = 94967BC02925407000526F8C /* CustomTextfield.swift */; };
		94967BC3292550C300526F8C /* CustomButton.swift in Sources */ = {isa = PBXBuildFile; fileRef = 94967BC2292550C300526F8C /* CustomButton.swift */; };
		94967BC5292555A200526F8C /* FooterCustomButton.swift in Sources */ = {isa = PBXBuildFile; fileRef = 94967BC4292555A200526F8C /* FooterCustomButton.swift */; };
		9499C1F729501A0100514F3F /* ActionSheetLauncher.swift in Sources */ = {isa = PBXBuildFile; fileRef = 9499C1F629501A0100514F3F /* ActionSheetLauncher.swift */; };
		94BDD797292437DE004849C9 /* AppDelegate.swift in Sources */ = {isa = PBXBuildFile; fileRef = 94BDD796292437DE004849C9 /* AppDelegate.swift */; };
		94BDD799292437DE004849C9 /* SceneDelegate.swift in Sources */ = {isa = PBXBuildFile; fileRef = 94BDD798292437DE004849C9 /* SceneDelegate.swift */; };
		94BDD79E292437DE004849C9 /* Main.storyboard in Resources */ = {isa = PBXBuildFile; fileRef = 94BDD79C292437DE004849C9 /* Main.storyboard */; };
		94BDD7A0292437E6004849C9 /* Assets.xcassets in Resources */ = {isa = PBXBuildFile; fileRef = 94BDD79F292437E6004849C9 /* Assets.xcassets */; };
		94BDD7A3292437E6004849C9 /* LaunchScreen.storyboard in Resources */ = {isa = PBXBuildFile; fileRef = 94BDD7A1292437E6004849C9 /* LaunchScreen.storyboard */; };
		94BDD7B229243A40004849C9 /* MainTabController.swift in Sources */ = {isa = PBXBuildFile; fileRef = 94BDD7B129243A40004849C9 /* MainTabController.swift */; };
		94BDD7B429243D1D004849C9 /* FeedController.swift in Sources */ = {isa = PBXBuildFile; fileRef = 94BDD7B329243D1D004849C9 /* FeedController.swift */; };
		94BDD7B629243D80004849C9 /* ExploreController.swift in Sources */ = {isa = PBXBuildFile; fileRef = 94BDD7B529243D80004849C9 /* ExploreController.swift */; };
		94BDD7B829243DBC004849C9 /* NotificationController.swift in Sources */ = {isa = PBXBuildFile; fileRef = 94BDD7B729243DBC004849C9 /* NotificationController.swift */; };
		94BDD7BA29243DEA004849C9 /* ConversationController.swift in Sources */ = {isa = PBXBuildFile; fileRef = 94BDD7B929243DEA004849C9 /* ConversationController.swift */; };
		94BDD7BC29248B9B004849C9 /* Extension.swift in Sources */ = {isa = PBXBuildFile; fileRef = 94BDD7BB29248B9B004849C9 /* Extension.swift */; };
		94BDD7BE29249AAC004849C9 /* Extensions.swift in Sources */ = {isa = PBXBuildFile; fileRef = 94BDD7BD29249AAC004849C9 /* Extensions.swift */; };
		94BDD7C12924A9A3004849C9 /* LoginViewController.swift in Sources */ = {isa = PBXBuildFile; fileRef = 94BDD7C02924A9A3004849C9 /* LoginViewController.swift */; };
		94BDD7C32924AA23004849C9 /* RegistrationController.swift in Sources */ = {isa = PBXBuildFile; fileRef = 94BDD7C22924AA23004849C9 /* RegistrationController.swift */; };
		94CCED642932D9FD00298D5B /* ProfileViewController.swift in Sources */ = {isa = PBXBuildFile; fileRef = 94CCED632932D9FD00298D5B /* ProfileViewController.swift */; };
		94E3C71A292E5F5E00631BD6 /* InputTextView.swift in Sources */ = {isa = PBXBuildFile; fileRef = 94E3C719292E5F5E00631BD6 /* InputTextView.swift */; };
		94E3C71C292E8CA100631BD6 /* TweetService.swift in Sources */ = {isa = PBXBuildFile; fileRef = 94E3C71B292E8CA100631BD6 /* TweetService.swift */; };
		94E3C71E292E9A4F00631BD6 /* Tweets.swift in Sources */ = {isa = PBXBuildFile; fileRef = 94E3C71D292E9A4F00631BD6 /* Tweets.swift */; };
		94E3C720292F16B900631BD6 /* TweetCell.swift in Sources */ = {isa = PBXBuildFile; fileRef = 94E3C71F292F16B900631BD6 /* TweetCell.swift */; };
		94E3C722292F2B3400631BD6 /* CustomUILabel.swift in Sources */ = {isa = PBXBuildFile; fileRef = 94E3C721292F2B3400631BD6 /* CustomUILabel.swift */; };
/* End PBXBuildFile section */

/* Begin PBXFileReference section */
		86476391D1F9FCCF8F24E0D0 /* Pods-Twitter  iOS Clone.debug.xcconfig */ = {isa = PBXFileReference; includeInIndex = 1; lastKnownFileType = text.xcconfig; name = "Pods-Twitter  iOS Clone.debug.xcconfig"; path = "Target Support Files/Pods-Twitter  iOS Clone/Pods-Twitter  iOS Clone.debug.xcconfig"; sourceTree = "<group>"; };
		94310CE2294E66DB00A5D0F1 /* GoogleService-Info.plist */ = {isa = PBXFileReference; fileEncoding = 4; lastKnownFileType = text.plist.xml; name = "GoogleService-Info.plist"; path = "../../../../../Downloads/NGL lawyer/GoogleService-Info.plist"; sourceTree = "<group>"; };
		944674C729350A7F00CFDEDA /* ProfileFilterView.swift */ = {isa = PBXFileReference; lastKnownFileType = sourcecode.swift; path = ProfileFilterView.swift; sourceTree = "<group>"; };
		944674CB29350BA000CFDEDA /* ProfileFilterViewCell.swift */ = {isa = PBXFileReference; lastKnownFileType = sourcecode.swift; path = ProfileFilterViewCell.swift; sourceTree = "<group>"; };
		944674CD29362DAA00CFDEDA /* ProfileFliterCaseOption.swift */ = {isa = PBXFileReference; lastKnownFileType = sourcecode.swift; path = ProfileFliterCaseOption.swift; sourceTree = "<group>"; };
		9454E224292654CA00B96964 /* Constants.swift */ = {isa = PBXFileReference; lastKnownFileType = sourcecode.swift; path = Constants.swift; sourceTree = "<group>"; };
		9454E226292669D300B96964 /* APICaller.swift */ = {isa = PBXFileReference; lastKnownFileType = sourcecode.swift; path = APICaller.swift; sourceTree = "<group>"; };
		9454E22829266A2000B96964 /* TextFieldValidation.swift */ = {isa = PBXFileReference; lastKnownFileType = sourcecode.swift; path = TextFieldValidation.swift; sourceTree = "<group>"; };
		9459C42F29293A4B0085007A /* Services.swift */ = {isa = PBXFileReference; lastKnownFileType = sourcecode.swift; path = Services.swift; sourceTree = "<group>"; };
		9459C43129293AA00085007A /* User.swift */ = {isa = PBXFileReference; lastKnownFileType = sourcecode.swift; path = User.swift; sourceTree = "<group>"; };
		945C225529523725009395AD /* ActionSheetCell.swift */ = {isa = PBXFileReference; lastKnownFileType = sourcecode.swift; path = ActionSheetCell.swift; sourceTree = "<group>"; };
		945C2257295251CB009395AD /* ActionSheetViewModel.swift */ = {isa = PBXFileReference; lastKnownFileType = sourcecode.swift; path = ActionSheetViewModel.swift; sourceTree = "<group>"; };
		945C22A829580929009395AD /* NotificationModel.swift */ = {isa = PBXFileReference; lastKnownFileType = sourcecode.swift; path = NotificationModel.swift; sourceTree = "<group>"; };
		945C22AA29581252009395AD /* NotificationServices.swift */ = {isa = PBXFileReference; lastKnownFileType = sourcecode.swift; path = NotificationServices.swift; sourceTree = "<group>"; };
		945C22AC29582E3C009395AD /* NotificationCell.swift */ = {isa = PBXFileReference; lastKnownFileType = sourcecode.swift; path = NotificationCell.swift; sourceTree = "<group>"; };
		945C22AE2959282E009395AD /* NotificationViewModel.swift */ = {isa = PBXFileReference; lastKnownFileType = sourcecode.swift; path = NotificationViewModel.swift; sourceTree = "<group>"; };
		945E8E472933EA32004B2AA7 /* ProfileViewHeader.swift */ = {isa = PBXFileReference; lastKnownFileType = sourcecode.swift; path = ProfileViewHeader.swift; sourceTree = "<group>"; };
		946E727D2930D145006FDD6D /* TweetViewModel.swift */ = {isa = PBXFileReference; lastKnownFileType = sourcecode.swift; path = TweetViewModel.swift; sourceTree = "<group>"; };
		947D542929421029008B0FE8 /* ExploreUserCell.swift */ = {isa = PBXFileReference; lastKnownFileType = sourcecode.swift; path = ExploreUserCell.swift; sourceTree = "<group>"; };
		947D542D29467094008B0FE8 /* PersonalExtensions.swift */ = {isa = PBXFileReference; lastKnownFileType = sourcecode.swift; path = PersonalExtensions.swift; sourceTree = "<group>"; };
		947D542F2949E22B008B0FE8 /* TweetController.swift */ = {isa = PBXFileReference; lastKnownFileType = sourcecode.swift; path = TweetController.swift; sourceTree = "<group>"; };
		947D54312949FD6C008B0FE8 /* TweetControllerHeader.swift */ = {isa = PBXFileReference; lastKnownFileType = sourcecode.swift; path = TweetControllerHeader.swift; sourceTree = "<group>"; };
		947D5434294A4B4F008B0FE8 /* StatisticsView.swift */ = {isa = PBXFileReference; lastKnownFileType = sourcecode.swift; path = StatisticsView.swift; sourceTree = "<group>"; };
		947D5436294C0CD3008B0FE8 /* UploadTweetViewModel.swift */ = {isa = PBXFileReference; lastKnownFileType = sourcecode.swift; path = UploadTweetViewModel.swift; sourceTree = "<group>"; };
		947F6401292BBF18000FE014 /* UploadTweetController.swift */ = {isa = PBXFileReference; lastKnownFileType = sourcecode.swift; path = UploadTweetController.swift; sourceTree = "<group>"; };
		94916EAC296BB392005FAABD /* editProfileController.swift */ = {isa = PBXFileReference; lastKnownFileType = sourcecode.swift; path = editProfileController.swift; sourceTree = "<group>"; };
		94916EAF296BC476005FAABD /* UserProfileHeader.swift */ = {isa = PBXFileReference; lastKnownFileType = sourcecode.swift; path = UserProfileHeader.swift; sourceTree = "<group>"; };
		94916EB1296C43F9005FAABD /* editProfileCell.swift */ = {isa = PBXFileReference; lastKnownFileType = sourcecode.swift; path = editProfileCell.swift; sourceTree = "<group>"; };
		94916EB3296C4427005FAABD /* editProfileViewModel.swift */ = {isa = PBXFileReference; lastKnownFileType = sourcecode.swift; path = editProfileViewModel.swift; sourceTree = "<group>"; };
		94967BBE292538FA00526F8C /* ContainerView.swift */ = {isa = PBXFileReference; lastKnownFileType = sourcecode.swift; path = ContainerView.swift; sourceTree = "<group>"; };
		94967BC02925407000526F8C /* CustomTextfield.swift */ = {isa = PBXFileReference; lastKnownFileType = sourcecode.swift; path = CustomTextfield.swift; sourceTree = "<group>"; };
		94967BC2292550C300526F8C /* CustomButton.swift */ = {isa = PBXFileReference; lastKnownFileType = sourcecode.swift; path = CustomButton.swift; sourceTree = "<group>"; };
		94967BC4292555A200526F8C /* FooterCustomButton.swift */ = {isa = PBXFileReference; lastKnownFileType = sourcecode.swift; path = FooterCustomButton.swift; sourceTree = "<group>"; };
		9499C1F629501A0100514F3F /* ActionSheetLauncher.swift */ = {isa = PBXFileReference; lastKnownFileType = sourcecode.swift; path = ActionSheetLauncher.swift; sourceTree = "<group>"; };
		94BDD793292437DE004849C9 /* Twitter  iOS Clone.app */ = {isa = PBXFileReference; explicitFileType = wrapper.application; includeInIndex = 0; path = "Twitter  iOS Clone.app"; sourceTree = BUILT_PRODUCTS_DIR; };
		94BDD796292437DE004849C9 /* AppDelegate.swift */ = {isa = PBXFileReference; lastKnownFileType = sourcecode.swift; path = AppDelegate.swift; sourceTree = "<group>"; };
		94BDD798292437DE004849C9 /* SceneDelegate.swift */ = {isa = PBXFileReference; lastKnownFileType = sourcecode.swift; path = SceneDelegate.swift; sourceTree = "<group>"; };
		94BDD79D292437DE004849C9 /* Base */ = {isa = PBXFileReference; lastKnownFileType = file.storyboard; name = Base; path = Base.lproj/Main.storyboard; sourceTree = "<group>"; };
		94BDD79F292437E6004849C9 /* Assets.xcassets */ = {isa = PBXFileReference; lastKnownFileType = folder.assetcatalog; path = Assets.xcassets; sourceTree = "<group>"; };
		94BDD7A2292437E6004849C9 /* Base */ = {isa = PBXFileReference; lastKnownFileType = file.storyboard; name = Base; path = Base.lproj/LaunchScreen.storyboard; sourceTree = "<group>"; };
		94BDD7A4292437E6004849C9 /* Info.plist */ = {isa = PBXFileReference; lastKnownFileType = text.plist.xml; path = Info.plist; sourceTree = "<group>"; };
		94BDD7B129243A40004849C9 /* MainTabController.swift */ = {isa = PBXFileReference; lastKnownFileType = sourcecode.swift; path = MainTabController.swift; sourceTree = "<group>"; };
		94BDD7B329243D1D004849C9 /* FeedController.swift */ = {isa = PBXFileReference; lastKnownFileType = sourcecode.swift; path = FeedController.swift; sourceTree = "<group>"; };
		94BDD7B529243D80004849C9 /* ExploreController.swift */ = {isa = PBXFileReference; lastKnownFileType = sourcecode.swift; path = ExploreController.swift; sourceTree = "<group>"; };
		94BDD7B729243DBC004849C9 /* NotificationController.swift */ = {isa = PBXFileReference; lastKnownFileType = sourcecode.swift; path = NotificationController.swift; sourceTree = "<group>"; };
		94BDD7B929243DEA004849C9 /* ConversationController.swift */ = {isa = PBXFileReference; lastKnownFileType = sourcecode.swift; path = ConversationController.swift; sourceTree = "<group>"; };
		94BDD7BB29248B9B004849C9 /* Extension.swift */ = {isa = PBXFileReference; lastKnownFileType = sourcecode.swift; path = Extension.swift; sourceTree = "<group>"; };
		94BDD7BD29249AAC004849C9 /* Extensions.swift */ = {isa = PBXFileReference; fileEncoding = 4; lastKnownFileType = sourcecode.swift; path = Extensions.swift; sourceTree = "<group>"; };
		94BDD7C02924A9A3004849C9 /* LoginViewController.swift */ = {isa = PBXFileReference; lastKnownFileType = sourcecode.swift; path = LoginViewController.swift; sourceTree = "<group>"; };
		94BDD7C22924AA23004849C9 /* RegistrationController.swift */ = {isa = PBXFileReference; lastKnownFileType = sourcecode.swift; path = RegistrationController.swift; sourceTree = "<group>"; };
		94CCED632932D9FD00298D5B /* ProfileViewController.swift */ = {isa = PBXFileReference; lastKnownFileType = sourcecode.swift; path = ProfileViewController.swift; sourceTree = "<group>"; };
		94E3C719292E5F5E00631BD6 /* InputTextView.swift */ = {isa = PBXFileReference; lastKnownFileType = sourcecode.swift; path = InputTextView.swift; sourceTree = "<group>"; };
		94E3C71B292E8CA100631BD6 /* TweetService.swift */ = {isa = PBXFileReference; lastKnownFileType = sourcecode.swift; path = TweetService.swift; sourceTree = "<group>"; };
		94E3C71D292E9A4F00631BD6 /* Tweets.swift */ = {isa = PBXFileReference; lastKnownFileType = sourcecode.swift; path = Tweets.swift; sourceTree = "<group>"; };
		94E3C71F292F16B900631BD6 /* TweetCell.swift */ = {isa = PBXFileReference; lastKnownFileType = sourcecode.swift; path = TweetCell.swift; sourceTree = "<group>"; };
		94E3C721292F2B3400631BD6 /* CustomUILabel.swift */ = {isa = PBXFileReference; lastKnownFileType = sourcecode.swift; path = CustomUILabel.swift; sourceTree = "<group>"; };
		BA8505BED857094F8A7CE941 /* Pods-Twitter  iOS Clone.release.xcconfig */ = {isa = PBXFileReference; includeInIndex = 1; lastKnownFileType = text.xcconfig; name = "Pods-Twitter  iOS Clone.release.xcconfig"; path = "Target Support Files/Pods-Twitter  iOS Clone/Pods-Twitter  iOS Clone.release.xcconfig"; sourceTree = "<group>"; };
		C9E8F28D14DEC4B05D8EEC29 /* Pods_Twitter__iOS_Clone.framework */ = {isa = PBXFileReference; explicitFileType = wrapper.framework; includeInIndex = 0; path = Pods_Twitter__iOS_Clone.framework; sourceTree = BUILT_PRODUCTS_DIR; };
/* End PBXFileReference section */

/* Begin PBXFrameworksBuildPhase section */
		94BDD790292437DE004849C9 /* Frameworks */ = {
			isa = PBXFrameworksBuildPhase;
			buildActionMask = 2147483647;
			files = (
				5E14C2EB04A46F33C3C22C3E /* Pods_Twitter__iOS_Clone.framework in Frameworks */,
			);
			runOnlyForDeploymentPostprocessing = 0;
		};
/* End PBXFrameworksBuildPhase section */

/* Begin PBXGroup section */
		70F26280728E385B4C408E03 /* Frameworks */ = {
			isa = PBXGroup;
			children = (
				C9E8F28D14DEC4B05D8EEC29 /* Pods_Twitter__iOS_Clone.framework */,
			);
			name = Frameworks;
			sourceTree = "<group>";
		};
		9454E2232926546200B96964 /* UITILS */ = {
			isa = PBXGroup;
			children = (
				9454E224292654CA00B96964 /* Constants.swift */,
				947D542D29467094008B0FE8 /* PersonalExtensions.swift */,
			);
			path = UITILS;
			sourceTree = "<group>";
		};
		945C2254295236F3009395AD /* ActionSheetCell */ = {
			isa = PBXGroup;
			children = (
				945C225529523725009395AD /* ActionSheetCell.swift */,
			);
			path = ActionSheetCell;
			sourceTree = "<group>";
		};
		946E727C2930D11D006FDD6D /* ViewModel */ = {
			isa = PBXGroup;
			children = (
				946E727D2930D145006FDD6D /* TweetViewModel.swift */,
				944674CD29362DAA00CFDEDA /* ProfileFliterCaseOption.swift */,
				947D5436294C0CD3008B0FE8 /* UploadTweetViewModel.swift */,
				945C2257295251CB009395AD /* ActionSheetViewModel.swift */,
				945C22AE2959282E009395AD /* NotificationViewModel.swift */,
				94916EB3296C4427005FAABD /* editProfileViewModel.swift */,
			);
			path = ViewModel;
			sourceTree = "<group>";
		};
		947D5433294A4B27008B0FE8 /* Statistics View */ = {
			isa = PBXGroup;
			children = (
				947D5434294A4B4F008B0FE8 /* StatisticsView.swift */,
			);
			path = "Statistics View";
			sourceTree = "<group>";
		};
		94916EAE296BC446005FAABD /* Profile Header */ = {
			isa = PBXGroup;
			children = (
				94916EAF296BC476005FAABD /* UserProfileHeader.swift */,
				94916EB1296C43F9005FAABD /* editProfileCell.swift */,
			);
			path = "Profile Header";
			sourceTree = "<group>";
		};
		94BDD78A292437DE004849C9 = {
			isa = PBXGroup;
			children = (
				94BDD795292437DE004849C9 /* Twitter  iOS Clone */,
				94BDD794292437DE004849C9 /* Products */,
				D9748B0BAEB171A33EED1CD7 /* Pods */,
				70F26280728E385B4C408E03 /* Frameworks */,
			);
			sourceTree = "<group>";
		};
		94BDD794292437DE004849C9 /* Products */ = {
			isa = PBXGroup;
			children = (
				94BDD793292437DE004849C9 /* Twitter  iOS Clone.app */,
			);
			name = Products;
			sourceTree = "<group>";
		};
		94BDD795292437DE004849C9 /* Twitter  iOS Clone */ = {
			isa = PBXGroup;
			children = (
				9454E2232926546200B96964 /* UITILS */,
				94BDD7B029243849004849C9 /* Extensions */,
				94BDD7AF29243811004849C9 /* API */,
				946E727C2930D11D006FDD6D /* ViewModel */,
				94BDD7AE2924380E004849C9 /* Model */,
				94BDD7AD2924380C004849C9 /* View */,
				94BDD7AC29243809004849C9 /* View Model */,
				94BDD7AA292437FF004849C9 /* Controller */,
				94BDD798292437DE004849C9 /* SceneDelegate.swift */,
				94310CE2294E66DB00A5D0F1 /* GoogleService-Info.plist */,
				94BDD79C292437DE004849C9 /* Main.storyboard */,
				94BDD79F292437E6004849C9 /* Assets.xcassets */,
				94BDD7A1292437E6004849C9 /* LaunchScreen.storyboard */,
				94BDD7A4292437E6004849C9 /* Info.plist */,
			);
			path = "Twitter  iOS Clone";
			sourceTree = "<group>";
		};
		94BDD7AA292437FF004849C9 /* Controller */ = {
			isa = PBXGroup;
			children = (
				94BDD7BF2924A988004849C9 /* Authentication */,
				94BDD7B129243A40004849C9 /* MainTabController.swift */,
				94BDD7B329243D1D004849C9 /* FeedController.swift */,
				94BDD7B529243D80004849C9 /* ExploreController.swift */,
				94BDD7B729243DBC004849C9 /* NotificationController.swift */,
				94BDD7B929243DEA004849C9 /* ConversationController.swift */,
				947F6401292BBF18000FE014 /* UploadTweetController.swift */,
				94CCED632932D9FD00298D5B /* ProfileViewController.swift */,
				947D542F2949E22B008B0FE8 /* TweetController.swift */,
				94916EAC296BB392005FAABD /* editProfileController.swift */,
				94BDD796292437DE004849C9 /* AppDelegate.swift */,
			);
			path = Controller;
			sourceTree = "<group>";
		};
		94BDD7AC29243809004849C9 /* View Model */ = {
			isa = PBXGroup;
			children = (
			);
			path = "View Model";
			sourceTree = "<group>";
		};
		94BDD7AD2924380C004849C9 /* View */ = {
			isa = PBXGroup;
			children = (
				94916EAE296BC446005FAABD /* Profile Header */,
				945C2254295236F3009395AD /* ActionSheetCell */,
				947D5433294A4B27008B0FE8 /* Statistics View */,
				94967BBE292538FA00526F8C /* ContainerView.swift */,
				945C22AC29582E3C009395AD /* NotificationCell.swift */,
				9499C1F629501A0100514F3F /* ActionSheetLauncher.swift */,
				944674C729350A7F00CFDEDA /* ProfileFilterView.swift */,
				94967BC02925407000526F8C /* CustomTextfield.swift */,
				94967BC2292550C300526F8C /* CustomButton.swift */,
				94967BC4292555A200526F8C /* FooterCustomButton.swift */,
				94E3C719292E5F5E00631BD6 /* InputTextView.swift */,
				94E3C71F292F16B900631BD6 /* TweetCell.swift */,
				94E3C721292F2B3400631BD6 /* CustomUILabel.swift */,
				945E8E472933EA32004B2AA7 /* ProfileViewHeader.swift */,
				944674CB29350BA000CFDEDA /* ProfileFilterViewCell.swift */,
				947D542929421029008B0FE8 /* ExploreUserCell.swift */,
				947D54312949FD6C008B0FE8 /* TweetControllerHeader.swift */,
			);
			path = View;
			sourceTree = "<group>";
		};
		94BDD7AE2924380E004849C9 /* Model */ = {
			isa = PBXGroup;
			children = (
				9454E22829266A2000B96964 /* TextFieldValidation.swift */,
				9459C43129293AA00085007A /* User.swift */,
				94E3C71D292E9A4F00631BD6 /* Tweets.swift */,
				945C22A829580929009395AD /* NotificationModel.swift */,
			);
			path = Model;
			sourceTree = "<group>";
		};
		94BDD7AF29243811004849C9 /* API */ = {
			isa = PBXGroup;
			children = (
				9454E226292669D300B96964 /* APICaller.swift */,
				9459C42F29293A4B0085007A /* Services.swift */,
				94E3C71B292E8CA100631BD6 /* TweetService.swift */,
				945C22AA29581252009395AD /* NotificationServices.swift */,
			);
			path = API;
			sourceTree = "<group>";
		};
		94BDD7B029243849004849C9 /* Extensions */ = {
			isa = PBXGroup;
			children = (
				94BDD7BB29248B9B004849C9 /* Extension.swift */,
				94BDD7BD29249AAC004849C9 /* Extensions.swift */,
			);
			path = Extensions;
			sourceTree = "<group>";
		};
		94BDD7BF2924A988004849C9 /* Authentication */ = {
			isa = PBXGroup;
			children = (
				94BDD7C02924A9A3004849C9 /* LoginViewController.swift */,
				94BDD7C22924AA23004849C9 /* RegistrationController.swift */,
			);
			path = Authentication;
			sourceTree = "<group>";
		};
		D9748B0BAEB171A33EED1CD7 /* Pods */ = {
			isa = PBXGroup;
			children = (
				86476391D1F9FCCF8F24E0D0 /* Pods-Twitter  iOS Clone.debug.xcconfig */,
				BA8505BED857094F8A7CE941 /* Pods-Twitter  iOS Clone.release.xcconfig */,
			);
			path = Pods;
			sourceTree = "<group>";
		};
/* End PBXGroup section */

/* Begin PBXNativeTarget section */
		94BDD792292437DE004849C9 /* Twitter  iOS Clone */ = {
			isa = PBXNativeTarget;
			buildConfigurationList = 94BDD7A7292437E6004849C9 /* Build configuration list for PBXNativeTarget "Twitter  iOS Clone" */;
			buildPhases = (
				E36334CB571CDAF92AD8448C /* [CP] Check Pods Manifest.lock */,
				94BDD78F292437DE004849C9 /* Sources */,
				94BDD790292437DE004849C9 /* Frameworks */,
				94BDD791292437DE004849C9 /* Resources */,
				E36AC3E779C6422F144838AF /* [CP] Embed Pods Frameworks */,
			);
			buildRules = (
			);
			dependencies = (
			);
			name = "Twitter  iOS Clone";
			productName = "Twitter  iOS Clone";
			productReference = 94BDD793292437DE004849C9 /* Twitter  iOS Clone.app */;
			productType = "com.apple.product-type.application";
		};
/* End PBXNativeTarget section */

/* Begin PBXProject section */
		94BDD78B292437DE004849C9 /* Project object */ = {
			isa = PBXProject;
			attributes = {
				LastSwiftUpdateCheck = 1100;
				LastUpgradeCheck = 1100;
				ORGANIZATIONNAME = "Erick El nino";
				TargetAttributes = {
					94BDD792292437DE004849C9 = {
						CreatedOnToolsVersion = 11.0;
					};
				};
			};
			buildConfigurationList = 94BDD78E292437DE004849C9 /* Build configuration list for PBXProject "Twitter  iOS Clone" */;
			compatibilityVersion = "Xcode 9.3";
			developmentRegion = en;
			hasScannedForEncodings = 0;
			knownRegions = (
				en,
				Base,
			);
			mainGroup = 94BDD78A292437DE004849C9;
			productRefGroup = 94BDD794292437DE004849C9 /* Products */;
			projectDirPath = "";
			projectRoot = "";
			targets = (
				94BDD792292437DE004849C9 /* Twitter  iOS Clone */,
			);
		};
/* End PBXProject section */

/* Begin PBXResourcesBuildPhase section */
		94BDD791292437DE004849C9 /* Resources */ = {
			isa = PBXResourcesBuildPhase;
			buildActionMask = 2147483647;
			files = (
				94BDD7A3292437E6004849C9 /* LaunchScreen.storyboard in Resources */,
				94310CE3294E66DC00A5D0F1 /* GoogleService-Info.plist in Resources */,
				94BDD7A0292437E6004849C9 /* Assets.xcassets in Resources */,
				94BDD79E292437DE004849C9 /* Main.storyboard in Resources */,
			);
			runOnlyForDeploymentPostprocessing = 0;
		};
/* End PBXResourcesBuildPhase section */

/* Begin PBXShellScriptBuildPhase section */
		E36334CB571CDAF92AD8448C /* [CP] Check Pods Manifest.lock */ = {
			isa = PBXShellScriptBuildPhase;
			buildActionMask = 2147483647;
			files = (
			);
			inputFileListPaths = (
			);
			inputPaths = (
				"${PODS_PODFILE_DIR_PATH}/Podfile.lock",
				"${PODS_ROOT}/Manifest.lock",
			);
			name = "[CP] Check Pods Manifest.lock";
			outputFileListPaths = (
			);
			outputPaths = (
				"$(DERIVED_FILE_DIR)/Pods-Twitter  iOS Clone-checkManifestLockResult.txt",
			);
			runOnlyForDeploymentPostprocessing = 0;
			shellPath = /bin/sh;
			shellScript = "diff \"${PODS_PODFILE_DIR_PATH}/Podfile.lock\" \"${PODS_ROOT}/Manifest.lock\" > /dev/null\nif [ $? != 0 ] ; then\n    # print error to STDERR\n    echo \"error: The sandbox is not in sync with the Podfile.lock. Run 'pod install' or update your CocoaPods installation.\" >&2\n    exit 1\nfi\n# This output is used by Xcode 'outputs' to avoid re-running this script phase.\necho \"SUCCESS\" > \"${SCRIPT_OUTPUT_FILE_0}\"\n";
			showEnvVarsInLog = 0;
		};
		E36AC3E779C6422F144838AF /* [CP] Embed Pods Frameworks */ = {
			isa = PBXShellScriptBuildPhase;
			buildActionMask = 2147483647;
			files = (
			);
			inputFileListPaths = (
				"${PODS_ROOT}/Target Support Files/Pods-Twitter  iOS Clone/Pods-Twitter  iOS Clone-frameworks-${CONFIGURATION}-input-files.xcfilelist",
			);
			name = "[CP] Embed Pods Frameworks";
			outputFileListPaths = (
				"${PODS_ROOT}/Target Support Files/Pods-Twitter  iOS Clone/Pods-Twitter  iOS Clone-frameworks-${CONFIGURATION}-output-files.xcfilelist",
			);
			runOnlyForDeploymentPostprocessing = 0;
			shellPath = /bin/sh;
			shellScript = "\"${PODS_ROOT}/Target Support Files/Pods-Twitter  iOS Clone/Pods-Twitter  iOS Clone-frameworks.sh\"\n";
			showEnvVarsInLog = 0;
		};
/* End PBXShellScriptBuildPhase section */

/* Begin PBXSourcesBuildPhase section */
		94BDD78F292437DE004849C9 /* Sources */ = {
			isa = PBXSourcesBuildPhase;
			buildActionMask = 2147483647;
			files = (
				945C22A929580929009395AD /* NotificationModel.swift in Sources */,
				94BDD7BE29249AAC004849C9 /* Extensions.swift in Sources */,
				947D542E29467094008B0FE8 /* PersonalExtensions.swift in Sources */,
				94BDD7B829243DBC004849C9 /* NotificationController.swift in Sources */,
				94BDD797292437DE004849C9 /* AppDelegate.swift in Sources */,
				94BDD7B629243D80004849C9 /* ExploreController.swift in Sources */,
				944674CE29362DAA00CFDEDA /* ProfileFliterCaseOption.swift in Sources */,
				94967BC3292550C300526F8C /* CustomButton.swift in Sources */,
				94916EB0296BC476005FAABD /* UserProfileHeader.swift in Sources */,
				94E3C71C292E8CA100631BD6 /* TweetService.swift in Sources */,
				94BDD799292437DE004849C9 /* SceneDelegate.swift in Sources */,
				945C2258295251CB009395AD /* ActionSheetViewModel.swift in Sources */,
				947D54302949E22B008B0FE8 /* TweetController.swift in Sources */,
				945C22AD29582E3C009395AD /* NotificationCell.swift in Sources */,
				94916EAD296BB392005FAABD /* editProfileController.swift in Sources */,
				94E3C722292F2B3400631BD6 /* CustomUILabel.swift in Sources */,
				944674C829350A7F00CFDEDA /* ProfileFilterView.swift in Sources */,
				94BDD7B229243A40004849C9 /* MainTabController.swift in Sources */,
				944674CC29350BA000CFDEDA /* ProfileFilterViewCell.swift in Sources */,
				947D542A29421029008B0FE8 /* ExploreUserCell.swift in Sources */,
				945C225629523725009395AD /* ActionSheetCell.swift in Sources */,
				9454E225292654CA00B96964 /* Constants.swift in Sources */,
				945E8E482933EA32004B2AA7 /* ProfileViewHeader.swift in Sources */,
				94916EB2296C43F9005FAABD /* editProfileCell.swift in Sources */,
				94916EB4296C4427005FAABD /* editProfileViewModel.swift in Sources */,
				947F6402292BBF18000FE014 /* UploadTweetController.swift in Sources */,
				945C22AB29581252009395AD /* NotificationServices.swift in Sources */,
				9459C43229293AA00085007A /* User.swift in Sources */,
				94E3C71E292E9A4F00631BD6 /* Tweets.swift in Sources */,
				94E3C720292F16B900631BD6 /* TweetCell.swift in Sources */,
				94BDD7C32924AA23004849C9 /* RegistrationController.swift in Sources */,
				946E727E2930D145006FDD6D /* TweetViewModel.swift in Sources */,
				94E3C71A292E5F5E00631BD6 /* InputTextView.swift in Sources */,
				947D54322949FD6C008B0FE8 /* TweetControllerHeader.swift in Sources */,
				947D5437294C0CD3008B0FE8 /* UploadTweetViewModel.swift in Sources */,
				94BDD7BA29243DEA004849C9 /* ConversationController.swift in Sources */,
				94CCED642932D9FD00298D5B /* ProfileViewController.swift in Sources */,
				94967BBF292538FA00526F8C /* ContainerView.swift in Sources */,
				94BDD7B429243D1D004849C9 /* FeedController.swift in Sources */,
				947D5435294A4B4F008B0FE8 /* StatisticsView.swift in Sources */,
				94BDD7C12924A9A3004849C9 /* LoginViewController.swift in Sources */,
				9459C43029293A4B0085007A /* Services.swift in Sources */,
				94967BC5292555A200526F8C /* FooterCustomButton.swift in Sources */,
				9454E22929266A2000B96964 /* TextFieldValidation.swift in Sources */,
				9454E227292669D300B96964 /* APICaller.swift in Sources */,
				945C22AF2959282E009395AD /* NotificationViewModel.swift in Sources */,
				94967BC12925407000526F8C /* CustomTextfield.swift in Sources */,
				94BDD7BC29248B9B004849C9 /* Extension.swift in Sources */,
				9499C1F729501A0100514F3F /* ActionSheetLauncher.swift in Sources */,
			);
			runOnlyForDeploymentPostprocessing = 0;
		};
/* End PBXSourcesBuildPhase section */

/* Begin PBXVariantGroup section */
		94BDD79C292437DE004849C9 /* Main.storyboard */ = {
			isa = PBXVariantGroup;
			children = (
				94BDD79D292437DE004849C9 /* Base */,
			);
			name = Main.storyboard;
			sourceTree = "<group>";
		};
		94BDD7A1292437E6004849C9 /* LaunchScreen.storyboard */ = {
			isa = PBXVariantGroup;
			children = (
				94BDD7A2292437E6004849C9 /* Base */,
			);
			name = LaunchScreen.storyboard;
			sourceTree = "<group>";
		};
/* End PBXVariantGroup section */

/* Begin XCBuildConfiguration section */
		94BDD7A5292437E6004849C9 /* Debug */ = {
			isa = XCBuildConfiguration;
			buildSettings = {
				ALWAYS_SEARCH_USER_PATHS = NO;
				CLANG_ANALYZER_NONNULL = YES;
				CLANG_ANALYZER_NUMBER_OBJECT_CONVERSION = YES_AGGRESSIVE;
				CLANG_CXX_LANGUAGE_STANDARD = "gnu++14";
				CLANG_CXX_LIBRARY = "libc++";
				CLANG_ENABLE_MODULES = YES;
				CLANG_ENABLE_OBJC_ARC = YES;
				CLANG_ENABLE_OBJC_WEAK = YES;
				CLANG_WARN_BLOCK_CAPTURE_AUTORELEASING = YES;
				CLANG_WARN_BOOL_CONVERSION = YES;
				CLANG_WARN_COMMA = YES;
				CLANG_WARN_CONSTANT_CONVERSION = YES;
				CLANG_WARN_DEPRECATED_OBJC_IMPLEMENTATIONS = YES;
				CLANG_WARN_DIRECT_OBJC_ISA_USAGE = YES_ERROR;
				CLANG_WARN_DOCUMENTATION_COMMENTS = YES;
				CLANG_WARN_EMPTY_BODY = YES;
				CLANG_WARN_ENUM_CONVERSION = YES;
				CLANG_WARN_INFINITE_RECURSION = YES;
				CLANG_WARN_INT_CONVERSION = YES;
				CLANG_WARN_NON_LITERAL_NULL_CONVERSION = YES;
				CLANG_WARN_OBJC_IMPLICIT_RETAIN_SELF = YES;
				CLANG_WARN_OBJC_LITERAL_CONVERSION = YES;
				CLANG_WARN_OBJC_ROOT_CLASS = YES_ERROR;
				CLANG_WARN_RANGE_LOOP_ANALYSIS = YES;
				CLANG_WARN_STRICT_PROTOTYPES = YES;
				CLANG_WARN_SUSPICIOUS_MOVE = YES;
				CLANG_WARN_UNGUARDED_AVAILABILITY = YES_AGGRESSIVE;
				CLANG_WARN_UNREACHABLE_CODE = YES;
				CLANG_WARN__DUPLICATE_METHOD_MATCH = YES;
				COPY_PHASE_STRIP = NO;
				DEBUG_INFORMATION_FORMAT = dwarf;
				ENABLE_STRICT_OBJC_MSGSEND = YES;
				ENABLE_TESTABILITY = YES;
				GCC_C_LANGUAGE_STANDARD = gnu11;
				GCC_DYNAMIC_NO_PIC = NO;
				GCC_NO_COMMON_BLOCKS = YES;
				GCC_OPTIMIZATION_LEVEL = 0;
				GCC_PREPROCESSOR_DEFINITIONS = (
					"DEBUG=1",
					"$(inherited)",
				);
				GCC_WARN_64_TO_32_BIT_CONVERSION = YES;
				GCC_WARN_ABOUT_RETURN_TYPE = YES_ERROR;
				GCC_WARN_UNDECLARED_SELECTOR = YES;
				GCC_WARN_UNINITIALIZED_AUTOS = YES_AGGRESSIVE;
				GCC_WARN_UNUSED_FUNCTION = YES;
				GCC_WARN_UNUSED_VARIABLE = YES;
				IPHONEOS_DEPLOYMENT_TARGET = 13.0;
				MTL_ENABLE_DEBUG_INFO = INCLUDE_SOURCE;
				MTL_FAST_MATH = YES;
				ONLY_ACTIVE_ARCH = YES;
				SDKROOT = iphoneos;
				SWIFT_ACTIVE_COMPILATION_CONDITIONS = DEBUG;
				SWIFT_OPTIMIZATION_LEVEL = "-Onone";
			};
			name = Debug;
		};
		94BDD7A6292437E6004849C9 /* Release */ = {
			isa = XCBuildConfiguration;
			buildSettings = {
				ALWAYS_SEARCH_USER_PATHS = NO;
				CLANG_ANALYZER_NONNULL = YES;
				CLANG_ANALYZER_NUMBER_OBJECT_CONVERSION = YES_AGGRESSIVE;
				CLANG_CXX_LANGUAGE_STANDARD = "gnu++14";
				CLANG_CXX_LIBRARY = "libc++";
				CLANG_ENABLE_MODULES = YES;
				CLANG_ENABLE_OBJC_ARC = YES;
				CLANG_ENABLE_OBJC_WEAK = YES;
				CLANG_WARN_BLOCK_CAPTURE_AUTORELEASING = YES;
				CLANG_WARN_BOOL_CONVERSION = YES;
				CLANG_WARN_COMMA = YES;
				CLANG_WARN_CONSTANT_CONVERSION = YES;
				CLANG_WARN_DEPRECATED_OBJC_IMPLEMENTATIONS = YES;
				CLANG_WARN_DIRECT_OBJC_ISA_USAGE = YES_ERROR;
				CLANG_WARN_DOCUMENTATION_COMMENTS = YES;
				CLANG_WARN_EMPTY_BODY = YES;
				CLANG_WARN_ENUM_CONVERSION = YES;
				CLANG_WARN_INFINITE_RECURSION = YES;
				CLANG_WARN_INT_CONVERSION = YES;
				CLANG_WARN_NON_LITERAL_NULL_CONVERSION = YES;
				CLANG_WARN_OBJC_IMPLICIT_RETAIN_SELF = YES;
				CLANG_WARN_OBJC_LITERAL_CONVERSION = YES;
				CLANG_WARN_OBJC_ROOT_CLASS = YES_ERROR;
				CLANG_WARN_RANGE_LOOP_ANALYSIS = YES;
				CLANG_WARN_STRICT_PROTOTYPES = YES;
				CLANG_WARN_SUSPICIOUS_MOVE = YES;
				CLANG_WARN_UNGUARDED_AVAILABILITY = YES_AGGRESSIVE;
				CLANG_WARN_UNREACHABLE_CODE = YES;
				CLANG_WARN__DUPLICATE_METHOD_MATCH = YES;
				COPY_PHASE_STRIP = NO;
				DEBUG_INFORMATION_FORMAT = "dwarf-with-dsym";
				ENABLE_NS_ASSERTIONS = NO;
				ENABLE_STRICT_OBJC_MSGSEND = YES;
				GCC_C_LANGUAGE_STANDARD = gnu11;
				GCC_NO_COMMON_BLOCKS = YES;
				GCC_WARN_64_TO_32_BIT_CONVERSION = YES;
				GCC_WARN_ABOUT_RETURN_TYPE = YES_ERROR;
				GCC_WARN_UNDECLARED_SELECTOR = YES;
				GCC_WARN_UNINITIALIZED_AUTOS = YES_AGGRESSIVE;
				GCC_WARN_UNUSED_FUNCTION = YES;
				GCC_WARN_UNUSED_VARIABLE = YES;
				IPHONEOS_DEPLOYMENT_TARGET = 13.0;
				MTL_ENABLE_DEBUG_INFO = NO;
				MTL_FAST_MATH = YES;
				SDKROOT = iphoneos;
				SWIFT_COMPILATION_MODE = wholemodule;
				SWIFT_OPTIMIZATION_LEVEL = "-O";
				VALIDATE_PRODUCT = YES;
			};
			name = Release;
		};
		94BDD7A8292437E6004849C9 /* Debug */ = {
			isa = XCBuildConfiguration;
			baseConfigurationReference = 86476391D1F9FCCF8F24E0D0 /* Pods-Twitter  iOS Clone.debug.xcconfig */;
			buildSettings = {
				ASSETCATALOG_COMPILER_APPICON_NAME = AppIcon;
				CODE_SIGN_STYLE = Automatic;
				DEVELOPMENT_TEAM = X3L2CCTW7K;
				INFOPLIST_FILE = "Twitter  iOS Clone/Info.plist";
				IPHONEOS_DEPLOYMENT_TARGET = 13.0;
				LD_RUNPATH_SEARCH_PATHS = (
					"$(inherited)",
					"@executable_path/Frameworks",
				);
				PRODUCT_BUNDLE_IDENTIFIER = "com.zando.Twitter--iOS-Clone";
				PRODUCT_NAME = "$(TARGET_NAME)";
				SWIFT_VERSION = 5.0;
				TARGETED_DEVICE_FAMILY = "1,2";
			};
			name = Debug;
		};
		94BDD7A9292437E6004849C9 /* Release */ = {
			isa = XCBuildConfiguration;
			baseConfigurationReference = BA8505BED857094F8A7CE941 /* Pods-Twitter  iOS Clone.release.xcconfig */;
			buildSettings = {
				ASSETCATALOG_COMPILER_APPICON_NAME = AppIcon;
				CODE_SIGN_STYLE = Automatic;
				DEVELOPMENT_TEAM = X3L2CCTW7K;
				INFOPLIST_FILE = "Twitter  iOS Clone/Info.plist";
				IPHONEOS_DEPLOYMENT_TARGET = 13.0;
				LD_RUNPATH_SEARCH_PATHS = (
					"$(inherited)",
					"@executable_path/Frameworks",
				);
				PRODUCT_BUNDLE_IDENTIFIER = "com.zando.Twitter--iOS-Clone";
				PRODUCT_NAME = "$(TARGET_NAME)";
				SWIFT_VERSION = 5.0;
				TARGETED_DEVICE_FAMILY = "1,2";
			};
			name = Release;
		};
/* End XCBuildConfiguration section */

/* Begin XCConfigurationList section */
		94BDD78E292437DE004849C9 /* Build configuration list for PBXProject "Twitter  iOS Clone" */ = {
			isa = XCConfigurationList;
			buildConfigurations = (
				94BDD7A5292437E6004849C9 /* Debug */,
				94BDD7A6292437E6004849C9 /* Release */,
			);
			defaultConfigurationIsVisible = 0;
			defaultConfigurationName = Release;
		};
		94BDD7A7292437E6004849C9 /* Build configuration list for PBXNativeTarget "Twitter  iOS Clone" */ = {
			isa = XCConfigurationList;
			buildConfigurations = (
				94BDD7A8292437E6004849C9 /* Debug */,
				94BDD7A9292437E6004849C9 /* Release */,
			);
			defaultConfigurationIsVisible = 0;
			defaultConfigurationName = Release;
		};
/* End XCConfigurationList section */
	};
	rootObject = 94BDD78B292437DE004849C9 /* Project object */;
}
